
Microsoft Visual Studio Solution File, Format Version 12.00
# Visual Studio 15
VisualStudioVersion = 15.0.28307.779
MinimumVisualStudioVersion = 10.0.40219.1
Project("{FAE04EC0-301F-11D3-BF4B-00C04F79EFBC}") = "RMDataManager", "RMDataManager\RMDataManager.csproj", "{B92A1542-4902-4A90-90B2-79EB83E18CFF}"
EndProject
Global
	GlobalSection(SolutionConfigurationPlatforms) = preSolution
		Debug|Any CPU = Debug|Any CPU
		Release|Any CPU = Release|Any CPU
	EndGlobalSection
	GlobalSection(ProjectConfigurationPlatforms) = postSolution
		{B92A1542-4902-4A90-90B2-79EB83E18CFF}.Debug|Any CPU.ActiveCfg = Debug|Any CPU
		{B92A1542-4902-4A90-90B2-79EB83E18CFF}.Debug|Any CPU.Build.0 = Debug|Any CPU
		{B92A1542-4902-4A90-90B2-79EB83E18CFF}.Release|Any CPU.ActiveCfg = Release|Any CPU
		{B92A1542-4902-4A90-90B2-79EB83E18CFF}.Release|Any CPU.Build.0 = Release|Any CPU
	EndGlobalSection
	GlobalSection(SolutionProperties) = preSolution
		HideSolutionNode = FALSE
	EndGlobalSection
	GlobalSection(ExtensibilityGlobals) = postSolution
		SolutionGuid = {7B8E6E78-DDC6-46B0-93DF-B80552798E63}
	EndGlobalSection
EndGlobal
