
Microsoft Visual Studio Solution File, Format Version 12.00
# Visual Studio 15
VisualStudioVersion = 15.0.28307.779
MinimumVisualStudioVersion = 10.0.40219.1
Project("{FAE04EC0-301F-11D3-BF4B-00C04F79EFBC}") = "RMDataManager", "RMDataManager\RMDataManager.csproj", "{B92A1542-4902-4A90-90B2-79EB83E18CFF}"
EndProject
Project("{00D1A9C2-B5F0-4AF3-8072-F6C62B433612}") = "RMData", "RMData\RMData.sqlproj", "{EF165FB3-7F98-4AE5-8756-8011A265F8F9}"
EndProject
Project("{FAE04EC0-301F-11D3-BF4B-00C04F79EFBC}") = "RMDesktopUI", "RMDesktopUI\RMDesktopUI.csproj", "{6AEDFE13-15D9-4D24-A969-478943A771E5}"
EndProject
Project("{FAE04EC0-301F-11D3-BF4B-00C04F79EFBC}") = "RMDataManager.Library", "RMDataManager.Library\RMDataManager.Library.csproj", "{511F1D1F-C741-4ACE-9287-82595D166BB3}"
EndProject
Project("{FAE04EC0-301F-11D3-BF4B-00C04F79EFBC}") = "RMDesktopUI.Library", "RMDesktopUI.Library\RMDesktopUI.Library.csproj", "{F98E9359-BE1D-4735-952A-C5F931A1568E}"
EndProject
Global
	GlobalSection(SolutionConfigurationPlatforms) = preSolution
		Debug|Any CPU = Debug|Any CPU
		Release|Any CPU = Release|Any CPU
	EndGlobalSection
	GlobalSection(ProjectConfigurationPlatforms) = postSolution
		{B92A1542-4902-4A90-90B2-79EB83E18CFF}.Debug|Any CPU.ActiveCfg = Debug|Any CPU
		{B92A1542-4902-4A90-90B2-79EB83E18CFF}.Debug|Any CPU.Build.0 = Debug|Any CPU
		{B92A1542-4902-4A90-90B2-79EB83E18CFF}.Release|Any CPU.ActiveCfg = Release|Any CPU
		{B92A1542-4902-4A90-90B2-79EB83E18CFF}.Release|Any CPU.Build.0 = Release|Any CPU
		{EF165FB3-7F98-4AE5-8756-8011A265F8F9}.Debug|Any CPU.ActiveCfg = Debug|Any CPU
		{EF165FB3-7F98-4AE5-8756-8011A265F8F9}.Debug|Any CPU.Build.0 = Debug|Any CPU
		{EF165FB3-7F98-4AE5-8756-8011A265F8F9}.Debug|Any CPU.Deploy.0 = Debug|Any CPU
		{EF165FB3-7F98-4AE5-8756-8011A265F8F9}.Release|Any CPU.ActiveCfg = Release|Any CPU
		{EF165FB3-7F98-4AE5-8756-8011A265F8F9}.Release|Any CPU.Build.0 = Release|Any CPU
		{EF165FB3-7F98-4AE5-8756-8011A265F8F9}.Release|Any CPU.Deploy.0 = Release|Any CPU
		{6AEDFE13-15D9-4D24-A969-478943A771E5}.Debug|Any CPU.ActiveCfg = Debug|Any CPU
		{6AEDFE13-15D9-4D24-A969-478943A771E5}.Debug|Any CPU.Build.0 = Debug|Any CPU
		{6AEDFE13-15D9-4D24-A969-478943A771E5}.Release|Any CPU.ActiveCfg = Release|Any CPU
		{6AEDFE13-15D9-4D24-A969-478943A771E5}.Release|Any CPU.Build.0 = Release|Any CPU
		{511F1D1F-C741-4ACE-9287-82595D166BB3}.Debug|Any CPU.ActiveCfg = Debug|Any CPU
		{511F1D1F-C741-4ACE-9287-82595D166BB3}.Debug|Any CPU.Build.0 = Debug|Any CPU
		{511F1D1F-C741-4ACE-9287-82595D166BB3}.Release|Any CPU.ActiveCfg = Release|Any CPU
		{511F1D1F-C741-4ACE-9287-82595D166BB3}.Release|Any CPU.Build.0 = Release|Any CPU
		{F98E9359-BE1D-4735-952A-C5F931A1568E}.Debug|Any CPU.ActiveCfg = Debug|Any CPU
		{F98E9359-BE1D-4735-952A-C5F931A1568E}.Debug|Any CPU.Build.0 = Debug|Any CPU
		{F98E9359-BE1D-4735-952A-C5F931A1568E}.Release|Any CPU.ActiveCfg = Release|Any CPU
		{F98E9359-BE1D-4735-952A-C5F931A1568E}.Release|Any CPU.Build.0 = Release|Any CPU
	EndGlobalSection
	GlobalSection(SolutionProperties) = preSolution
		HideSolutionNode = FALSE
	EndGlobalSection
	GlobalSection(ExtensibilityGlobals) = postSolution
		SolutionGuid = {7B8E6E78-DDC6-46B0-93DF-B80552798E63}
	EndGlobalSection
EndGlobal
