
Microsoft Visual Studio Solution File, Format Version 12.00
# Visual Studio Version 16
VisualStudioVersion = 16.0.30002.166
MinimumVisualStudioVersion = 10.0.40219.1
Project("{00D1A9C2-B5F0-4AF3-8072-F6C62B433612}") = "RMData", "RMData\RMData.sqlproj", "{EF165FB3-7F98-4AE5-8756-8011A265F8F9}"
EndProject
Project("{9A19103F-16F7-4668-BE54-9A1E7A4F7556}") = "RMDesktopUI", "RMDesktopUI\RMDesktopUI.csproj", "{6AEDFE13-15D9-4D24-A969-478943A771E5}"
EndProject
Project("{9A19103F-16F7-4668-BE54-9A1E7A4F7556}") = "RMDataManager.Library", "RMDataManager.Library\RMDataManager.Library.csproj", "{511F1D1F-C741-4ACE-9287-82595D166BB3}"
EndProject
Project("{9A19103F-16F7-4668-BE54-9A1E7A4F7556}") = "RMDesktopUI.Library", "RMDesktopUI.Library\RMDesktopUI.Library.csproj", "{F98E9359-BE1D-4735-952A-C5F931A1568E}"
EndProject
Project("{2150E333-8FDC-42A3-9474-1A3956D46DE8}") = "Database", "Database", "{5E9C3B22-C084-4D73-8A94-1B4F66FD43CF}"
EndProject
Project("{2150E333-8FDC-42A3-9474-1A3956D46DE8}") = "API", "API", "{344962E2-701E-416C-B97C-00C1AD66DFEF}"
EndProject
Project("{2150E333-8FDC-42A3-9474-1A3956D46DE8}") = "WPF", "WPF", "{DCDF50FD-6C81-4FE7-8E03-EF883E258338}"
EndProject
Project("{9A19103F-16F7-4668-BE54-9A1E7A4F7556}") = "RMApi", "RMApi\RMApi.csproj", "{51B5A0A7-14EC-44EC-A0AA-66C96BEE02AD}"
EndProject
Project("{2150E333-8FDC-42A3-9474-1A3956D46DE8}") = "Solution Items", "Solution Items", "{FB7E4EEB-5A83-4723-B138-792BD8A90B29}"
	ProjectSection(SolutionItems) = preProject
		Roadmap.txt = Roadmap.txt
	EndProjectSection
EndProject
Project("{2150E333-8FDC-42A3-9474-1A3956D46DE8}") = "WebApps", "WebApps", "{E3D8146E-1638-496F-B058-665EFE21DEB8}"
EndProject
Project("{9A19103F-16F7-4668-BE54-9A1E7A4F7556}") = "RMPortalBlazorPWA", "RMPortalBlazorPWA\RMPortalBlazorPWA.csproj", "{E1CE4463-37A9-462F-8B2F-48BCCC74C5EC}"
EndProject
Global
	GlobalSection(SolutionConfigurationPlatforms) = preSolution
		Debug|Any CPU = Debug|Any CPU
		Release|Any CPU = Release|Any CPU
	EndGlobalSection
	GlobalSection(ProjectConfigurationPlatforms) = postSolution
		{EF165FB3-7F98-4AE5-8756-8011A265F8F9}.Debug|Any CPU.ActiveCfg = Debug|Any CPU
		{EF165FB3-7F98-4AE5-8756-8011A265F8F9}.Debug|Any CPU.Build.0 = Debug|Any CPU
		{EF165FB3-7F98-4AE5-8756-8011A265F8F9}.Debug|Any CPU.Deploy.0 = Debug|Any CPU
		{EF165FB3-7F98-4AE5-8756-8011A265F8F9}.Release|Any CPU.ActiveCfg = Release|Any CPU
		{EF165FB3-7F98-4AE5-8756-8011A265F8F9}.Release|Any CPU.Build.0 = Release|Any CPU
		{EF165FB3-7F98-4AE5-8756-8011A265F8F9}.Release|Any CPU.Deploy.0 = Release|Any CPU
		{6AEDFE13-15D9-4D24-A969-478943A771E5}.Debug|Any CPU.ActiveCfg = Debug|Any CPU
		{6AEDFE13-15D9-4D24-A969-478943A771E5}.Debug|Any CPU.Build.0 = Debug|Any CPU
		{6AEDFE13-15D9-4D24-A969-478943A771E5}.Release|Any CPU.ActiveCfg = Release|Any CPU
		{6AEDFE13-15D9-4D24-A969-478943A771E5}.Release|Any CPU.Build.0 = Release|Any CPU
		{511F1D1F-C741-4ACE-9287-82595D166BB3}.Debug|Any CPU.ActiveCfg = Debug|Any CPU
		{511F1D1F-C741-4ACE-9287-82595D166BB3}.Debug|Any CPU.Build.0 = Debug|Any CPU
		{511F1D1F-C741-4ACE-9287-82595D166BB3}.Release|Any CPU.ActiveCfg = Release|Any CPU
		{511F1D1F-C741-4ACE-9287-82595D166BB3}.Release|Any CPU.Build.0 = Release|Any CPU
		{F98E9359-BE1D-4735-952A-C5F931A1568E}.Debug|Any CPU.ActiveCfg = Debug|Any CPU
		{F98E9359-BE1D-4735-952A-C5F931A1568E}.Debug|Any CPU.Build.0 = Debug|Any CPU
		{F98E9359-BE1D-4735-952A-C5F931A1568E}.Release|Any CPU.ActiveCfg = Release|Any CPU
		{F98E9359-BE1D-4735-952A-C5F931A1568E}.Release|Any CPU.Build.0 = Release|Any CPU
		{51B5A0A7-14EC-44EC-A0AA-66C96BEE02AD}.Debug|Any CPU.ActiveCfg = Debug|Any CPU
		{51B5A0A7-14EC-44EC-A0AA-66C96BEE02AD}.Debug|Any CPU.Build.0 = Debug|Any CPU
		{51B5A0A7-14EC-44EC-A0AA-66C96BEE02AD}.Release|Any CPU.ActiveCfg = Release|Any CPU
		{51B5A0A7-14EC-44EC-A0AA-66C96BEE02AD}.Release|Any CPU.Build.0 = Release|Any CPU
		{E1CE4463-37A9-462F-8B2F-48BCCC74C5EC}.Debug|Any CPU.ActiveCfg = Debug|Any CPU
		{E1CE4463-37A9-462F-8B2F-48BCCC74C5EC}.Debug|Any CPU.Build.0 = Debug|Any CPU
		{E1CE4463-37A9-462F-8B2F-48BCCC74C5EC}.Release|Any CPU.ActiveCfg = Release|Any CPU
		{E1CE4463-37A9-462F-8B2F-48BCCC74C5EC}.Release|Any CPU.Build.0 = Release|Any CPU
	EndGlobalSection
	GlobalSection(SolutionProperties) = preSolution
		HideSolutionNode = FALSE
	EndGlobalSection
	GlobalSection(NestedProjects) = preSolution
		{EF165FB3-7F98-4AE5-8756-8011A265F8F9} = {5E9C3B22-C084-4D73-8A94-1B4F66FD43CF}
		{6AEDFE13-15D9-4D24-A969-478943A771E5} = {DCDF50FD-6C81-4FE7-8E03-EF883E258338}
		{511F1D1F-C741-4ACE-9287-82595D166BB3} = {344962E2-701E-416C-B97C-00C1AD66DFEF}
		{F98E9359-BE1D-4735-952A-C5F931A1568E} = {DCDF50FD-6C81-4FE7-8E03-EF883E258338}
		{51B5A0A7-14EC-44EC-A0AA-66C96BEE02AD} = {344962E2-701E-416C-B97C-00C1AD66DFEF}
		{E1CE4463-37A9-462F-8B2F-48BCCC74C5EC} = {E3D8146E-1638-496F-B058-665EFE21DEB8}
	EndGlobalSection
	GlobalSection(ExtensibilityGlobals) = postSolution
		SolutionGuid = {7B8E6E78-DDC6-46B0-93DF-B80552798E63}
	EndGlobalSection
EndGlobal
